// !$*UTF8*$!
{
	archiveVersion = 1;
	classes = {
	};
	objectVersion = 55;
	objects = {

/* Begin PBXBuildFile section */
		722755EE27DDD39D00F4D5A1 /* BasicInfoViewModel.swift in Sources */ = {isa = PBXBuildFile; fileRef = 722755ED27DDD39D00F4D5A1 /* BasicInfoViewModel.swift */; };
		722755F227DDEA1000F4D5A1 /* SkillsViewController.swift in Sources */ = {isa = PBXBuildFile; fileRef = 722755F027DDEA1000F4D5A1 /* SkillsViewController.swift */; };
		722755F327DDEA1000F4D5A1 /* SkillsViewController.xib in Resources */ = {isa = PBXBuildFile; fileRef = 722755F127DDEA1000F4D5A1 /* SkillsViewController.xib */; };
		722755F627DDEAAA00F4D5A1 /* SkillTableViewCell.swift in Sources */ = {isa = PBXBuildFile; fileRef = 722755F427DDEAAA00F4D5A1 /* SkillTableViewCell.swift */; };
		722755F727DDEAAA00F4D5A1 /* SkillTableViewCell.xib in Resources */ = {isa = PBXBuildFile; fileRef = 722755F527DDEAAA00F4D5A1 /* SkillTableViewCell.xib */; };
		722755F927DDF9E600F4D5A1 /* SkillsViewModel.swift in Sources */ = {isa = PBXBuildFile; fileRef = 722755F827DDF9E600F4D5A1 /* SkillsViewModel.swift */; };
		722755FE27DE013C00F4D5A1 /* ProjectTableViewCell.swift in Sources */ = {isa = PBXBuildFile; fileRef = 722755FC27DE013C00F4D5A1 /* ProjectTableViewCell.swift */; };
		722755FF27DE013C00F4D5A1 /* ProjectTableViewCell.xib in Resources */ = {isa = PBXBuildFile; fileRef = 722755FD27DE013C00F4D5A1 /* ProjectTableViewCell.xib */; };
		7227560227DE015000F4D5A1 /* ProjectsViewController.swift in Sources */ = {isa = PBXBuildFile; fileRef = 7227560027DE015000F4D5A1 /* ProjectsViewController.swift */; };
		7227560327DE015000F4D5A1 /* ProjectsViewController.xib in Resources */ = {isa = PBXBuildFile; fileRef = 7227560127DE015000F4D5A1 /* ProjectsViewController.xib */; };
		7227560527DE016F00F4D5A1 /* ProjectsViewModel.swift in Sources */ = {isa = PBXBuildFile; fileRef = 7227560427DE016F00F4D5A1 /* ProjectsViewModel.swift */; };
		7227560727DE01B100F4D5A1 /* EducationViewModel.swift in Sources */ = {isa = PBXBuildFile; fileRef = 7227560627DE01B100F4D5A1 /* EducationViewModel.swift */; };
		7227560A27DE01C000F4D5A1 /* EducationViewController.swift in Sources */ = {isa = PBXBuildFile; fileRef = 7227560827DE01C000F4D5A1 /* EducationViewController.swift */; };
		7227560B27DE01C000F4D5A1 /* EducationViewController.xib in Resources */ = {isa = PBXBuildFile; fileRef = 7227560927DE01C000F4D5A1 /* EducationViewController.xib */; };
		7227560E27DE023800F4D5A1 /* EducationDetailTableViewCell.swift in Sources */ = {isa = PBXBuildFile; fileRef = 7227560C27DE023800F4D5A1 /* EducationDetailTableViewCell.swift */; };
		7227560F27DE023800F4D5A1 /* EducationDetailTableViewCell.xib in Resources */ = {isa = PBXBuildFile; fileRef = 7227560D27DE023800F4D5A1 /* EducationDetailTableViewCell.xib */; };
		7227561327DE0ACC00F4D5A1 /* PreviewViewController.swift in Sources */ = {isa = PBXBuildFile; fileRef = 7227561127DE0ACC00F4D5A1 /* PreviewViewController.swift */; };
		7227561427DE0ACC00F4D5A1 /* PreviewViewController.xib in Resources */ = {isa = PBXBuildFile; fileRef = 7227561227DE0ACC00F4D5A1 /* PreviewViewController.xib */; };
		7227561727DE0DB800F4D5A1 /* PickerDataType.swift in Sources */ = {isa = PBXBuildFile; fileRef = 7227561627DE0DB800F4D5A1 /* PickerDataType.swift */; };
		7227561B27DE7F3500F4D5A1 /* DefaultsManager.swift in Sources */ = {isa = PBXBuildFile; fileRef = 7227561A27DE7F3500F4D5A1 /* DefaultsManager.swift */; };
		7235DD3327D8F98D00B94410 /* DataController.swift in Sources */ = {isa = PBXBuildFile; fileRef = 7235DD3227D8F98D00B94410 /* DataController.swift */; };
		724906F127D6414D0009F7DF /* AppDelegate.swift in Sources */ = {isa = PBXBuildFile; fileRef = 724906F027D6414D0009F7DF /* AppDelegate.swift */; };
		724906F327D6414D0009F7DF /* SceneDelegate.swift in Sources */ = {isa = PBXBuildFile; fileRef = 724906F227D6414D0009F7DF /* SceneDelegate.swift */; };
		724906FB27D6414D0009F7DF /* ResumeBuilder.xcdatamodeld in Sources */ = {isa = PBXBuildFile; fileRef = 724906F927D6414D0009F7DF /* ResumeBuilder.xcdatamodeld */; };
		724906FD27D6414F0009F7DF /* Assets.xcassets in Resources */ = {isa = PBXBuildFile; fileRef = 724906FC27D6414F0009F7DF /* Assets.xcassets */; };
		7249070027D6414F0009F7DF /* LaunchScreen.storyboard in Resources */ = {isa = PBXBuildFile; fileRef = 724906FE27D6414F0009F7DF /* LaunchScreen.storyboard */; };
		7249070B27D6414F0009F7DF /* ResumeBuilderTests.swift in Sources */ = {isa = PBXBuildFile; fileRef = 7249070A27D6414F0009F7DF /* ResumeBuilderTests.swift */; };
		7249071527D6414F0009F7DF /* ResumeBuilderUITests.swift in Sources */ = {isa = PBXBuildFile; fileRef = 7249071427D6414F0009F7DF /* ResumeBuilderUITests.swift */; };
		7249071727D6414F0009F7DF /* ResumeBuilderUITestsLaunchTests.swift in Sources */ = {isa = PBXBuildFile; fileRef = 7249071627D6414F0009F7DF /* ResumeBuilderUITestsLaunchTests.swift */; };
		7288960E27DBAD2D0051A94C /* SectionsListViewController.swift in Sources */ = {isa = PBXBuildFile; fileRef = 7288960C27DBAD2D0051A94C /* SectionsListViewController.swift */; };
		7288960F27DBAD2D0051A94C /* SectionsListViewController.xib in Resources */ = {isa = PBXBuildFile; fileRef = 7288960D27DBAD2D0051A94C /* SectionsListViewController.xib */; };
		7288961327DC027D0051A94C /* SectionTableViewCell.swift in Sources */ = {isa = PBXBuildFile; fileRef = 7288961127DC027D0051A94C /* SectionTableViewCell.swift */; };
		7288961427DC027D0051A94C /* SectionTableViewCell.xib in Resources */ = {isa = PBXBuildFile; fileRef = 7288961227DC027D0051A94C /* SectionTableViewCell.xib */; };
		7288961627DC17C90051A94C /* SectionsListViewModel.swift in Sources */ = {isa = PBXBuildFile; fileRef = 7288961527DC17C90051A94C /* SectionsListViewModel.swift */; };
		7288961927DC1AFE0051A94C /* Constants.swift in Sources */ = {isa = PBXBuildFile; fileRef = 7288961827DC1AFE0051A94C /* Constants.swift */; };
		7288961D27DC3FA30051A94C /* BasicInfoViewController.swift in Sources */ = {isa = PBXBuildFile; fileRef = 7288961B27DC3FA30051A94C /* BasicInfoViewController.swift */; };
		7288961E27DC3FA30051A94C /* BasicInfoViewController.xib in Resources */ = {isa = PBXBuildFile; fileRef = 7288961C27DC3FA30051A94C /* BasicInfoViewController.xib */; };
		7288962327DC99CD0051A94C /* CareerViewController.swift in Sources */ = {isa = PBXBuildFile; fileRef = 7288962127DC99CD0051A94C /* CareerViewController.swift */; };
		7288962427DC99CD0051A94C /* CareerViewController.xib in Resources */ = {isa = PBXBuildFile; fileRef = 7288962227DC99CD0051A94C /* CareerViewController.xib */; };
		7288962627DCD2990051A94C /* CareerViewModel.swift in Sources */ = {isa = PBXBuildFile; fileRef = 7288962527DCD2990051A94C /* CareerViewModel.swift */; };
		7288962827DCD8D20051A94C /* UITextField+Extensions.swift in Sources */ = {isa = PBXBuildFile; fileRef = 7288962727DCD8D20051A94C /* UITextField+Extensions.swift */; };
		7288963427DCEC390051A94C /* PositionTableViewCell.swift in Sources */ = {isa = PBXBuildFile; fileRef = 7288963227DCEC390051A94C /* PositionTableViewCell.swift */; };
		7288963527DCEC390051A94C /* PositionTableViewCell.xib in Resources */ = {isa = PBXBuildFile; fileRef = 7288963327DCEC390051A94C /* PositionTableViewCell.xib */; };
		72B8573B27DB945100A5BF23 /* SelectResumeViewController.swift in Sources */ = {isa = PBXBuildFile; fileRef = 72B8573927DB945100A5BF23 /* SelectResumeViewController.swift */; };
		72B8573C27DB945100A5BF23 /* SelectResumeViewController.xib in Resources */ = {isa = PBXBuildFile; fileRef = 72B8573A27DB945100A5BF23 /* SelectResumeViewController.xib */; };
/* End PBXBuildFile section */

/* Begin PBXContainerItemProxy section */
		7249070727D6414F0009F7DF /* PBXContainerItemProxy */ = {
			isa = PBXContainerItemProxy;
			containerPortal = 724906E527D6414D0009F7DF /* Project object */;
			proxyType = 1;
			remoteGlobalIDString = 724906EC27D6414D0009F7DF;
			remoteInfo = ResumeBuilder;
		};
		7249071127D6414F0009F7DF /* PBXContainerItemProxy */ = {
			isa = PBXContainerItemProxy;
			containerPortal = 724906E527D6414D0009F7DF /* Project object */;
			proxyType = 1;
			remoteGlobalIDString = 724906EC27D6414D0009F7DF;
			remoteInfo = ResumeBuilder;
		};
/* End PBXContainerItemProxy section */

/* Begin PBXFileReference section */
		722755ED27DDD39D00F4D5A1 /* BasicInfoViewModel.swift */ = {isa = PBXFileReference; lastKnownFileType = sourcecode.swift; path = BasicInfoViewModel.swift; sourceTree = "<group>"; };
		722755F027DDEA1000F4D5A1 /* SkillsViewController.swift */ = {isa = PBXFileReference; lastKnownFileType = sourcecode.swift; path = SkillsViewController.swift; sourceTree = "<group>"; };
		722755F127DDEA1000F4D5A1 /* SkillsViewController.xib */ = {isa = PBXFileReference; lastKnownFileType = file.xib; path = SkillsViewController.xib; sourceTree = "<group>"; };
		722755F427DDEAAA00F4D5A1 /* SkillTableViewCell.swift */ = {isa = PBXFileReference; lastKnownFileType = sourcecode.swift; path = SkillTableViewCell.swift; sourceTree = "<group>"; };
		722755F527DDEAAA00F4D5A1 /* SkillTableViewCell.xib */ = {isa = PBXFileReference; lastKnownFileType = file.xib; path = SkillTableViewCell.xib; sourceTree = "<group>"; };
		722755F827DDF9E600F4D5A1 /* SkillsViewModel.swift */ = {isa = PBXFileReference; lastKnownFileType = sourcecode.swift; path = SkillsViewModel.swift; sourceTree = "<group>"; };
		722755FC27DE013C00F4D5A1 /* ProjectTableViewCell.swift */ = {isa = PBXFileReference; lastKnownFileType = sourcecode.swift; path = ProjectTableViewCell.swift; sourceTree = "<group>"; };
		722755FD27DE013C00F4D5A1 /* ProjectTableViewCell.xib */ = {isa = PBXFileReference; lastKnownFileType = file.xib; path = ProjectTableViewCell.xib; sourceTree = "<group>"; };
		7227560027DE015000F4D5A1 /* ProjectsViewController.swift */ = {isa = PBXFileReference; lastKnownFileType = sourcecode.swift; path = ProjectsViewController.swift; sourceTree = "<group>"; };
		7227560127DE015000F4D5A1 /* ProjectsViewController.xib */ = {isa = PBXFileReference; lastKnownFileType = file.xib; path = ProjectsViewController.xib; sourceTree = "<group>"; };
		7227560427DE016F00F4D5A1 /* ProjectsViewModel.swift */ = {isa = PBXFileReference; lastKnownFileType = sourcecode.swift; path = ProjectsViewModel.swift; sourceTree = "<group>"; };
		7227560627DE01B100F4D5A1 /* EducationViewModel.swift */ = {isa = PBXFileReference; lastKnownFileType = sourcecode.swift; path = EducationViewModel.swift; sourceTree = "<group>"; };
		7227560827DE01C000F4D5A1 /* EducationViewController.swift */ = {isa = PBXFileReference; lastKnownFileType = sourcecode.swift; path = EducationViewController.swift; sourceTree = "<group>"; };
		7227560927DE01C000F4D5A1 /* EducationViewController.xib */ = {isa = PBXFileReference; lastKnownFileType = file.xib; path = EducationViewController.xib; sourceTree = "<group>"; };
		7227560C27DE023800F4D5A1 /* EducationDetailTableViewCell.swift */ = {isa = PBXFileReference; lastKnownFileType = sourcecode.swift; path = EducationDetailTableViewCell.swift; sourceTree = "<group>"; };
		7227560D27DE023800F4D5A1 /* EducationDetailTableViewCell.xib */ = {isa = PBXFileReference; lastKnownFileType = file.xib; path = EducationDetailTableViewCell.xib; sourceTree = "<group>"; };
		7227561127DE0ACC00F4D5A1 /* PreviewViewController.swift */ = {isa = PBXFileReference; lastKnownFileType = sourcecode.swift; path = PreviewViewController.swift; sourceTree = "<group>"; };
		7227561227DE0ACC00F4D5A1 /* PreviewViewController.xib */ = {isa = PBXFileReference; lastKnownFileType = file.xib; path = PreviewViewController.xib; sourceTree = "<group>"; };
		7227561627DE0DB800F4D5A1 /* PickerDataType.swift */ = {isa = PBXFileReference; lastKnownFileType = sourcecode.swift; path = PickerDataType.swift; sourceTree = "<group>"; };
		7227561A27DE7F3500F4D5A1 /* DefaultsManager.swift */ = {isa = PBXFileReference; lastKnownFileType = sourcecode.swift; path = DefaultsManager.swift; sourceTree = "<group>"; };
		7235DD3227D8F98D00B94410 /* DataController.swift */ = {isa = PBXFileReference; lastKnownFileType = sourcecode.swift; path = DataController.swift; sourceTree = "<group>"; };
		724906ED27D6414D0009F7DF /* ResumeBuilder.app */ = {isa = PBXFileReference; explicitFileType = wrapper.application; includeInIndex = 0; path = ResumeBuilder.app; sourceTree = BUILT_PRODUCTS_DIR; };
		724906F027D6414D0009F7DF /* AppDelegate.swift */ = {isa = PBXFileReference; lastKnownFileType = sourcecode.swift; path = AppDelegate.swift; sourceTree = "<group>"; };
		724906F227D6414D0009F7DF /* SceneDelegate.swift */ = {isa = PBXFileReference; lastKnownFileType = sourcecode.swift; path = SceneDelegate.swift; sourceTree = "<group>"; };
		724906FA27D6414D0009F7DF /* ResumeBuilder.xcdatamodel */ = {isa = PBXFileReference; lastKnownFileType = wrapper.xcdatamodel; path = ResumeBuilder.xcdatamodel; sourceTree = "<group>"; };
		724906FC27D6414F0009F7DF /* Assets.xcassets */ = {isa = PBXFileReference; lastKnownFileType = folder.assetcatalog; path = Assets.xcassets; sourceTree = "<group>"; };
		724906FF27D6414F0009F7DF /* Base */ = {isa = PBXFileReference; lastKnownFileType = file.storyboard; name = Base; path = Base.lproj/LaunchScreen.storyboard; sourceTree = "<group>"; };
		7249070127D6414F0009F7DF /* Info.plist */ = {isa = PBXFileReference; lastKnownFileType = text.plist.xml; path = Info.plist; sourceTree = "<group>"; };
		7249070627D6414F0009F7DF /* ResumeBuilderTests.xctest */ = {isa = PBXFileReference; explicitFileType = wrapper.cfbundle; includeInIndex = 0; path = ResumeBuilderTests.xctest; sourceTree = BUILT_PRODUCTS_DIR; };
		7249070A27D6414F0009F7DF /* ResumeBuilderTests.swift */ = {isa = PBXFileReference; lastKnownFileType = sourcecode.swift; path = ResumeBuilderTests.swift; sourceTree = "<group>"; };
		7249071027D6414F0009F7DF /* ResumeBuilderUITests.xctest */ = {isa = PBXFileReference; explicitFileType = wrapper.cfbundle; includeInIndex = 0; path = ResumeBuilderUITests.xctest; sourceTree = BUILT_PRODUCTS_DIR; };
		7249071427D6414F0009F7DF /* ResumeBuilderUITests.swift */ = {isa = PBXFileReference; lastKnownFileType = sourcecode.swift; path = ResumeBuilderUITests.swift; sourceTree = "<group>"; };
		7249071627D6414F0009F7DF /* ResumeBuilderUITestsLaunchTests.swift */ = {isa = PBXFileReference; lastKnownFileType = sourcecode.swift; path = ResumeBuilderUITestsLaunchTests.swift; sourceTree = "<group>"; };
		7288960C27DBAD2D0051A94C /* SectionsListViewController.swift */ = {isa = PBXFileReference; lastKnownFileType = sourcecode.swift; path = SectionsListViewController.swift; sourceTree = "<group>"; };
		7288960D27DBAD2D0051A94C /* SectionsListViewController.xib */ = {isa = PBXFileReference; lastKnownFileType = file.xib; path = SectionsListViewController.xib; sourceTree = "<group>"; };
		7288961127DC027D0051A94C /* SectionTableViewCell.swift */ = {isa = PBXFileReference; lastKnownFileType = sourcecode.swift; path = SectionTableViewCell.swift; sourceTree = "<group>"; };
		7288961227DC027D0051A94C /* SectionTableViewCell.xib */ = {isa = PBXFileReference; lastKnownFileType = file.xib; path = SectionTableViewCell.xib; sourceTree = "<group>"; };
		7288961527DC17C90051A94C /* SectionsListViewModel.swift */ = {isa = PBXFileReference; lastKnownFileType = sourcecode.swift; path = SectionsListViewModel.swift; sourceTree = "<group>"; };
		7288961827DC1AFE0051A94C /* Constants.swift */ = {isa = PBXFileReference; lastKnownFileType = sourcecode.swift; path = Constants.swift; sourceTree = "<group>"; };
		7288961B27DC3FA30051A94C /* BasicInfoViewController.swift */ = {isa = PBXFileReference; lastKnownFileType = sourcecode.swift; path = BasicInfoViewController.swift; sourceTree = "<group>"; };
		7288961C27DC3FA30051A94C /* BasicInfoViewController.xib */ = {isa = PBXFileReference; lastKnownFileType = file.xib; path = BasicInfoViewController.xib; sourceTree = "<group>"; };
		7288962127DC99CD0051A94C /* CareerViewController.swift */ = {isa = PBXFileReference; lastKnownFileType = sourcecode.swift; path = CareerViewController.swift; sourceTree = "<group>"; };
		7288962227DC99CD0051A94C /* CareerViewController.xib */ = {isa = PBXFileReference; lastKnownFileType = file.xib; path = CareerViewController.xib; sourceTree = "<group>"; };
		7288962527DCD2990051A94C /* CareerViewModel.swift */ = {isa = PBXFileReference; lastKnownFileType = sourcecode.swift; path = CareerViewModel.swift; sourceTree = "<group>"; };
		7288962727DCD8D20051A94C /* UITextField+Extensions.swift */ = {isa = PBXFileReference; lastKnownFileType = sourcecode.swift; path = "UITextField+Extensions.swift"; sourceTree = "<group>"; };
		7288963227DCEC390051A94C /* PositionTableViewCell.swift */ = {isa = PBXFileReference; lastKnownFileType = sourcecode.swift; path = PositionTableViewCell.swift; sourceTree = "<group>"; };
		7288963327DCEC390051A94C /* PositionTableViewCell.xib */ = {isa = PBXFileReference; lastKnownFileType = file.xib; path = PositionTableViewCell.xib; sourceTree = "<group>"; };
		72B8573927DB945100A5BF23 /* SelectResumeViewController.swift */ = {isa = PBXFileReference; lastKnownFileType = sourcecode.swift; path = SelectResumeViewController.swift; sourceTree = "<group>"; };
		72B8573A27DB945100A5BF23 /* SelectResumeViewController.xib */ = {isa = PBXFileReference; lastKnownFileType = file.xib; path = SelectResumeViewController.xib; sourceTree = "<group>"; };
/* End PBXFileReference section */

/* Begin PBXFrameworksBuildPhase section */
		724906EA27D6414D0009F7DF /* Frameworks */ = {
			isa = PBXFrameworksBuildPhase;
			buildActionMask = 2147483647;
			files = (
			);
			runOnlyForDeploymentPostprocessing = 0;
		};
		7249070327D6414F0009F7DF /* Frameworks */ = {
			isa = PBXFrameworksBuildPhase;
			buildActionMask = 2147483647;
			files = (
			);
			runOnlyForDeploymentPostprocessing = 0;
		};
		7249070D27D6414F0009F7DF /* Frameworks */ = {
			isa = PBXFrameworksBuildPhase;
			buildActionMask = 2147483647;
			files = (
			);
			runOnlyForDeploymentPostprocessing = 0;
		};
/* End PBXFrameworksBuildPhase section */

/* Begin PBXGroup section */
		722755EF27DDE89B00F4D5A1 /* Skills */ = {
			isa = PBXGroup;
			children = (
				722755F027DDEA1000F4D5A1 /* SkillsViewController.swift */,
				722755F127DDEA1000F4D5A1 /* SkillsViewController.xib */,
				722755F427DDEAAA00F4D5A1 /* SkillTableViewCell.swift */,
				722755F527DDEAAA00F4D5A1 /* SkillTableViewCell.xib */,
				722755F827DDF9E600F4D5A1 /* SkillsViewModel.swift */,
			);
			path = Skills;
			sourceTree = "<group>";
		};
		722755FA27DE003E00F4D5A1 /* Education */ = {
			isa = PBXGroup;
			children = (
				7227560827DE01C000F4D5A1 /* EducationViewController.swift */,
				7227560927DE01C000F4D5A1 /* EducationViewController.xib */,
				7227560C27DE023800F4D5A1 /* EducationDetailTableViewCell.swift */,
				7227560D27DE023800F4D5A1 /* EducationDetailTableViewCell.xib */,
				7227560627DE01B100F4D5A1 /* EducationViewModel.swift */,
			);
			path = Education;
			sourceTree = "<group>";
		};
		722755FB27DE005500F4D5A1 /* Projects */ = {
			isa = PBXGroup;
			children = (
				7227560027DE015000F4D5A1 /* ProjectsViewController.swift */,
				7227560127DE015000F4D5A1 /* ProjectsViewController.xib */,
				722755FC27DE013C00F4D5A1 /* ProjectTableViewCell.swift */,
				722755FD27DE013C00F4D5A1 /* ProjectTableViewCell.xib */,
				7227560427DE016F00F4D5A1 /* ProjectsViewModel.swift */,
			);
			path = Projects;
			sourceTree = "<group>";
		};
		7227561027DE099D00F4D5A1 /* Preview */ = {
			isa = PBXGroup;
			children = (
				7227561127DE0ACC00F4D5A1 /* PreviewViewController.swift */,
				7227561227DE0ACC00F4D5A1 /* PreviewViewController.xib */,
			);
			path = Preview;
			sourceTree = "<group>";
		};
		7227561527DE0D6800F4D5A1 /* Model */ = {
			isa = PBXGroup;
			children = (
				7227561627DE0DB800F4D5A1 /* PickerDataType.swift */,
			);
			path = Model;
			sourceTree = "<group>";
		};
		7235DD3127D8F97500B94410 /* Persistence */ = {
			isa = PBXGroup;
			children = (
				724906F927D6414D0009F7DF /* ResumeBuilder.xcdatamodeld */,
				7235DD3227D8F98D00B94410 /* DataController.swift */,
				7227561A27DE7F3500F4D5A1 /* DefaultsManager.swift */,
			);
			path = Persistence;
			sourceTree = "<group>";
		};
		724906E427D6414D0009F7DF = {
			isa = PBXGroup;
			children = (
				724906EF27D6414D0009F7DF /* ResumeBuilder */,
				7249070927D6414F0009F7DF /* ResumeBuilderTests */,
				7249071327D6414F0009F7DF /* ResumeBuilderUITests */,
				724906EE27D6414D0009F7DF /* Products */,
			);
			sourceTree = "<group>";
		};
		724906EE27D6414D0009F7DF /* Products */ = {
			isa = PBXGroup;
			children = (
				724906ED27D6414D0009F7DF /* ResumeBuilder.app */,
				7249070627D6414F0009F7DF /* ResumeBuilderTests.xctest */,
				7249071027D6414F0009F7DF /* ResumeBuilderUITests.xctest */,
			);
			name = Products;
			sourceTree = "<group>";
		};
		724906EF27D6414D0009F7DF /* ResumeBuilder */ = {
			isa = PBXGroup;
			children = (
				724906F027D6414D0009F7DF /* AppDelegate.swift */,
				724906F227D6414D0009F7DF /* SceneDelegate.swift */,
				7288961827DC1AFE0051A94C /* Constants.swift */,
				7288962927DCD8DB0051A94C /* Extensions */,
				7288961727DC1AAA0051A94C /* SelectResume */,
				7288961027DC02520051A94C /* SectionsList */,
				7288961A27DC3F780051A94C /* BasicInfo */,
				7288961F27DC995A0051A94C /* Career */,
				722755EF27DDE89B00F4D5A1 /* Skills */,
				722755FA27DE003E00F4D5A1 /* Education */,
				722755FB27DE005500F4D5A1 /* Projects */,
				7227561027DE099D00F4D5A1 /* Preview */,
				7227561527DE0D6800F4D5A1 /* Model */,
				7235DD3127D8F97500B94410 /* Persistence */,
				7288962027DC996A0051A94C /* Support Files */,
				7249070127D6414F0009F7DF /* Info.plist */,
			);
			path = ResumeBuilder;
			sourceTree = "<group>";
		};
		7249070927D6414F0009F7DF /* ResumeBuilderTests */ = {
			isa = PBXGroup;
			children = (
				7249070A27D6414F0009F7DF /* ResumeBuilderTests.swift */,
			);
			path = ResumeBuilderTests;
			sourceTree = "<group>";
		};
		7249071327D6414F0009F7DF /* ResumeBuilderUITests */ = {
			isa = PBXGroup;
			children = (
				7249071427D6414F0009F7DF /* ResumeBuilderUITests.swift */,
				7249071627D6414F0009F7DF /* ResumeBuilderUITestsLaunchTests.swift */,
			);
			path = ResumeBuilderUITests;
			sourceTree = "<group>";
		};
		7288961027DC02520051A94C /* SectionsList */ = {
			isa = PBXGroup;
			children = (
				7288960C27DBAD2D0051A94C /* SectionsListViewController.swift */,
				7288960D27DBAD2D0051A94C /* SectionsListViewController.xib */,
				7288961127DC027D0051A94C /* SectionTableViewCell.swift */,
				7288961227DC027D0051A94C /* SectionTableViewCell.xib */,
				7288961527DC17C90051A94C /* SectionsListViewModel.swift */,
			);
			path = SectionsList;
			sourceTree = "<group>";
		};
		7288961727DC1AAA0051A94C /* SelectResume */ = {
			isa = PBXGroup;
			children = (
				72B8573927DB945100A5BF23 /* SelectResumeViewController.swift */,
				72B8573A27DB945100A5BF23 /* SelectResumeViewController.xib */,
			);
			path = SelectResume;
			sourceTree = "<group>";
		};
		7288961A27DC3F780051A94C /* BasicInfo */ = {
			isa = PBXGroup;
			children = (
				7288961B27DC3FA30051A94C /* BasicInfoViewController.swift */,
				7288961C27DC3FA30051A94C /* BasicInfoViewController.xib */,
				722755ED27DDD39D00F4D5A1 /* BasicInfoViewModel.swift */,
			);
			path = BasicInfo;
			sourceTree = "<group>";
		};
		7288961F27DC995A0051A94C /* Career */ = {
			isa = PBXGroup;
			children = (
				7288962127DC99CD0051A94C /* CareerViewController.swift */,
				7288962227DC99CD0051A94C /* CareerViewController.xib */,
				7288963227DCEC390051A94C /* PositionTableViewCell.swift */,
				7288963327DCEC390051A94C /* PositionTableViewCell.xib */,
				7288962527DCD2990051A94C /* CareerViewModel.swift */,
			);
			path = Career;
			sourceTree = "<group>";
		};
		7288962027DC996A0051A94C /* Support Files */ = {
			isa = PBXGroup;
			children = (
				724906FC27D6414F0009F7DF /* Assets.xcassets */,
				724906FE27D6414F0009F7DF /* LaunchScreen.storyboard */,
			);
			path = "Support Files";
			sourceTree = "<group>";
		};
		7288962927DCD8DB0051A94C /* Extensions */ = {
			isa = PBXGroup;
			children = (
				7288962727DCD8D20051A94C /* UITextField+Extensions.swift */,
			);
			path = Extensions;
			sourceTree = "<group>";
		};
/* End PBXGroup section */

/* Begin PBXNativeTarget section */
		724906EC27D6414D0009F7DF /* ResumeBuilder */ = {
			isa = PBXNativeTarget;
			buildConfigurationList = 7249071A27D6414F0009F7DF /* Build configuration list for PBXNativeTarget "ResumeBuilder" */;
			buildPhases = (
				724906E927D6414D0009F7DF /* Sources */,
				724906EA27D6414D0009F7DF /* Frameworks */,
				724906EB27D6414D0009F7DF /* Resources */,
			);
			buildRules = (
			);
			dependencies = (
			);
			name = ResumeBuilder;
			productName = ResumeBuilder;
			productReference = 724906ED27D6414D0009F7DF /* ResumeBuilder.app */;
			productType = "com.apple.product-type.application";
		};
		7249070527D6414F0009F7DF /* ResumeBuilderTests */ = {
			isa = PBXNativeTarget;
			buildConfigurationList = 7249071D27D6414F0009F7DF /* Build configuration list for PBXNativeTarget "ResumeBuilderTests" */;
			buildPhases = (
				7249070227D6414F0009F7DF /* Sources */,
				7249070327D6414F0009F7DF /* Frameworks */,
				7249070427D6414F0009F7DF /* Resources */,
			);
			buildRules = (
			);
			dependencies = (
				7249070827D6414F0009F7DF /* PBXTargetDependency */,
			);
			name = ResumeBuilderTests;
			productName = ResumeBuilderTests;
			productReference = 7249070627D6414F0009F7DF /* ResumeBuilderTests.xctest */;
			productType = "com.apple.product-type.bundle.unit-test";
		};
		7249070F27D6414F0009F7DF /* ResumeBuilderUITests */ = {
			isa = PBXNativeTarget;
			buildConfigurationList = 7249072027D6414F0009F7DF /* Build configuration list for PBXNativeTarget "ResumeBuilderUITests" */;
			buildPhases = (
				7249070C27D6414F0009F7DF /* Sources */,
				7249070D27D6414F0009F7DF /* Frameworks */,
				7249070E27D6414F0009F7DF /* Resources */,
			);
			buildRules = (
			);
			dependencies = (
				7249071227D6414F0009F7DF /* PBXTargetDependency */,
			);
			name = ResumeBuilderUITests;
			productName = ResumeBuilderUITests;
			productReference = 7249071027D6414F0009F7DF /* ResumeBuilderUITests.xctest */;
			productType = "com.apple.product-type.bundle.ui-testing";
		};
/* End PBXNativeTarget section */

/* Begin PBXProject section */
		724906E527D6414D0009F7DF /* Project object */ = {
			isa = PBXProject;
			attributes = {
				BuildIndependentTargetsInParallel = 1;
				LastSwiftUpdateCheck = 1320;
				LastUpgradeCheck = 1320;
				TargetAttributes = {
					724906EC27D6414D0009F7DF = {
						CreatedOnToolsVersion = 13.2.1;
					};
					7249070527D6414F0009F7DF = {
						CreatedOnToolsVersion = 13.2.1;
						TestTargetID = 724906EC27D6414D0009F7DF;
					};
					7249070F27D6414F0009F7DF = {
						CreatedOnToolsVersion = 13.2.1;
						TestTargetID = 724906EC27D6414D0009F7DF;
					};
				};
			};
			buildConfigurationList = 724906E827D6414D0009F7DF /* Build configuration list for PBXProject "ResumeBuilder" */;
			compatibilityVersion = "Xcode 13.0";
			developmentRegion = en;
			hasScannedForEncodings = 0;
			knownRegions = (
				en,
				Base,
			);
			mainGroup = 724906E427D6414D0009F7DF;
			productRefGroup = 724906EE27D6414D0009F7DF /* Products */;
			projectDirPath = "";
			projectRoot = "";
			targets = (
				724906EC27D6414D0009F7DF /* ResumeBuilder */,
				7249070527D6414F0009F7DF /* ResumeBuilderTests */,
				7249070F27D6414F0009F7DF /* ResumeBuilderUITests */,
			);
		};
/* End PBXProject section */

/* Begin PBXResourcesBuildPhase section */
		724906EB27D6414D0009F7DF /* Resources */ = {
			isa = PBXResourcesBuildPhase;
			buildActionMask = 2147483647;
			files = (
				7227560F27DE023800F4D5A1 /* EducationDetailTableViewCell.xib in Resources */,
				7288961427DC027D0051A94C /* SectionTableViewCell.xib in Resources */,
				722755F327DDEA1000F4D5A1 /* SkillsViewController.xib in Resources */,
				722755FF27DE013C00F4D5A1 /* ProjectTableViewCell.xib in Resources */,
				72B8573C27DB945100A5BF23 /* SelectResumeViewController.xib in Resources */,
				7227560327DE015000F4D5A1 /* ProjectsViewController.xib in Resources */,
				7227561427DE0ACC00F4D5A1 /* PreviewViewController.xib in Resources */,
				7288963527DCEC390051A94C /* PositionTableViewCell.xib in Resources */,
				7249070027D6414F0009F7DF /* LaunchScreen.storyboard in Resources */,
				7288960F27DBAD2D0051A94C /* SectionsListViewController.xib in Resources */,
				724906FD27D6414F0009F7DF /* Assets.xcassets in Resources */,
				7288962427DC99CD0051A94C /* CareerViewController.xib in Resources */,
				7288961E27DC3FA30051A94C /* BasicInfoViewController.xib in Resources */,
				7227560B27DE01C000F4D5A1 /* EducationViewController.xib in Resources */,
				722755F727DDEAAA00F4D5A1 /* SkillTableViewCell.xib in Resources */,
			);
			runOnlyForDeploymentPostprocessing = 0;
		};
		7249070427D6414F0009F7DF /* Resources */ = {
			isa = PBXResourcesBuildPhase;
			buildActionMask = 2147483647;
			files = (
			);
			runOnlyForDeploymentPostprocessing = 0;
		};
		7249070E27D6414F0009F7DF /* Resources */ = {
			isa = PBXResourcesBuildPhase;
			buildActionMask = 2147483647;
			files = (
			);
			runOnlyForDeploymentPostprocessing = 0;
		};
/* End PBXResourcesBuildPhase section */

/* Begin PBXSourcesBuildPhase section */
		724906E927D6414D0009F7DF /* Sources */ = {
			isa = PBXSourcesBuildPhase;
			buildActionMask = 2147483647;
			files = (
				722755EE27DDD39D00F4D5A1 /* BasicInfoViewModel.swift in Sources */,
				7288963427DCEC390051A94C /* PositionTableViewCell.swift in Sources */,
				7288962827DCD8D20051A94C /* UITextField+Extensions.swift in Sources */,
				7227560E27DE023800F4D5A1 /* EducationDetailTableViewCell.swift in Sources */,
				7235DD3327D8F98D00B94410 /* DataController.swift in Sources */,
				7288961327DC027D0051A94C /* SectionTableViewCell.swift in Sources */,
				7227560A27DE01C000F4D5A1 /* EducationViewController.swift in Sources */,
				724906F127D6414D0009F7DF /* AppDelegate.swift in Sources */,
				722755F227DDEA1000F4D5A1 /* SkillsViewController.swift in Sources */,
				7227560727DE01B100F4D5A1 /* EducationViewModel.swift in Sources */,
				7288960E27DBAD2D0051A94C /* SectionsListViewController.swift in Sources */,
				72B8573B27DB945100A5BF23 /* SelectResumeViewController.swift in Sources */,
				7288961D27DC3FA30051A94C /* BasicInfoViewController.swift in Sources */,
				7288962327DC99CD0051A94C /* CareerViewController.swift in Sources */,
				722755FE27DE013C00F4D5A1 /* ProjectTableViewCell.swift in Sources */,
				724906FB27D6414D0009F7DF /* ResumeBuilder.xcdatamodeld in Sources */,
				7288961627DC17C90051A94C /* SectionsListViewModel.swift in Sources */,
				724906F327D6414D0009F7DF /* SceneDelegate.swift in Sources */,
				722755F927DDF9E600F4D5A1 /* SkillsViewModel.swift in Sources */,
				7227560527DE016F00F4D5A1 /* ProjectsViewModel.swift in Sources */,
				7227560227DE015000F4D5A1 /* ProjectsViewController.swift in Sources */,
				722755F627DDEAAA00F4D5A1 /* SkillTableViewCell.swift in Sources */,
				7288962627DCD2990051A94C /* CareerViewModel.swift in Sources */,
				7227561327DE0ACC00F4D5A1 /* PreviewViewController.swift in Sources */,
				7288961927DC1AFE0051A94C /* Constants.swift in Sources */,
				7227561B27DE7F3500F4D5A1 /* DefaultsManager.swift in Sources */,
				7227561727DE0DB800F4D5A1 /* PickerDataType.swift in Sources */,
			);
			runOnlyForDeploymentPostprocessing = 0;
		};
		7249070227D6414F0009F7DF /* Sources */ = {
			isa = PBXSourcesBuildPhase;
			buildActionMask = 2147483647;
			files = (
				7249070B27D6414F0009F7DF /* ResumeBuilderTests.swift in Sources */,
			);
			runOnlyForDeploymentPostprocessing = 0;
		};
		7249070C27D6414F0009F7DF /* Sources */ = {
			isa = PBXSourcesBuildPhase;
			buildActionMask = 2147483647;
			files = (
				7249071527D6414F0009F7DF /* ResumeBuilderUITests.swift in Sources */,
				7249071727D6414F0009F7DF /* ResumeBuilderUITestsLaunchTests.swift in Sources */,
			);
			runOnlyForDeploymentPostprocessing = 0;
		};
/* End PBXSourcesBuildPhase section */

/* Begin PBXTargetDependency section */
		7249070827D6414F0009F7DF /* PBXTargetDependency */ = {
			isa = PBXTargetDependency;
			target = 724906EC27D6414D0009F7DF /* ResumeBuilder */;
			targetProxy = 7249070727D6414F0009F7DF /* PBXContainerItemProxy */;
		};
		7249071227D6414F0009F7DF /* PBXTargetDependency */ = {
			isa = PBXTargetDependency;
			target = 724906EC27D6414D0009F7DF /* ResumeBuilder */;
			targetProxy = 7249071127D6414F0009F7DF /* PBXContainerItemProxy */;
		};
/* End PBXTargetDependency section */

/* Begin PBXVariantGroup section */
		724906FE27D6414F0009F7DF /* LaunchScreen.storyboard */ = {
			isa = PBXVariantGroup;
			children = (
				724906FF27D6414F0009F7DF /* Base */,
			);
			name = LaunchScreen.storyboard;
			sourceTree = "<group>";
		};
/* End PBXVariantGroup section */

/* Begin XCBuildConfiguration section */
		7249071827D6414F0009F7DF /* Debug */ = {
			isa = XCBuildConfiguration;
			buildSettings = {
				ALWAYS_SEARCH_USER_PATHS = NO;
				CLANG_ANALYZER_NONNULL = YES;
				CLANG_ANALYZER_NUMBER_OBJECT_CONVERSION = YES_AGGRESSIVE;
				CLANG_CXX_LANGUAGE_STANDARD = "gnu++17";
				CLANG_CXX_LIBRARY = "libc++";
				CLANG_ENABLE_MODULES = YES;
				CLANG_ENABLE_OBJC_ARC = YES;
				CLANG_ENABLE_OBJC_WEAK = YES;
				CLANG_WARN_BLOCK_CAPTURE_AUTORELEASING = YES;
				CLANG_WARN_BOOL_CONVERSION = YES;
				CLANG_WARN_COMMA = YES;
				CLANG_WARN_CONSTANT_CONVERSION = YES;
				CLANG_WARN_DEPRECATED_OBJC_IMPLEMENTATIONS = YES;
				CLANG_WARN_DIRECT_OBJC_ISA_USAGE = YES_ERROR;
				CLANG_WARN_DOCUMENTATION_COMMENTS = YES;
				CLANG_WARN_EMPTY_BODY = YES;
				CLANG_WARN_ENUM_CONVERSION = YES;
				CLANG_WARN_INFINITE_RECURSION = YES;
				CLANG_WARN_INT_CONVERSION = YES;
				CLANG_WARN_NON_LITERAL_NULL_CONVERSION = YES;
				CLANG_WARN_OBJC_IMPLICIT_RETAIN_SELF = YES;
				CLANG_WARN_OBJC_LITERAL_CONVERSION = YES;
				CLANG_WARN_OBJC_ROOT_CLASS = YES_ERROR;
				CLANG_WARN_QUOTED_INCLUDE_IN_FRAMEWORK_HEADER = YES;
				CLANG_WARN_RANGE_LOOP_ANALYSIS = YES;
				CLANG_WARN_STRICT_PROTOTYPES = YES;
				CLANG_WARN_SUSPICIOUS_MOVE = YES;
				CLANG_WARN_UNGUARDED_AVAILABILITY = YES_AGGRESSIVE;
				CLANG_WARN_UNREACHABLE_CODE = YES;
				CLANG_WARN__DUPLICATE_METHOD_MATCH = YES;
				COPY_PHASE_STRIP = NO;
				DEBUG_INFORMATION_FORMAT = dwarf;
				ENABLE_STRICT_OBJC_MSGSEND = YES;
				ENABLE_TESTABILITY = YES;
				GCC_C_LANGUAGE_STANDARD = gnu11;
				GCC_DYNAMIC_NO_PIC = NO;
				GCC_NO_COMMON_BLOCKS = YES;
				GCC_OPTIMIZATION_LEVEL = 0;
				GCC_PREPROCESSOR_DEFINITIONS = (
					"DEBUG=1",
					"$(inherited)",
				);
				GCC_WARN_64_TO_32_BIT_CONVERSION = YES;
				GCC_WARN_ABOUT_RETURN_TYPE = YES_ERROR;
				GCC_WARN_UNDECLARED_SELECTOR = YES;
				GCC_WARN_UNINITIALIZED_AUTOS = YES_AGGRESSIVE;
				GCC_WARN_UNUSED_FUNCTION = YES;
				GCC_WARN_UNUSED_VARIABLE = YES;
				IPHONEOS_DEPLOYMENT_TARGET = 15.2;
				MTL_ENABLE_DEBUG_INFO = INCLUDE_SOURCE;
				MTL_FAST_MATH = YES;
				ONLY_ACTIVE_ARCH = YES;
				SDKROOT = iphoneos;
				SWIFT_ACTIVE_COMPILATION_CONDITIONS = DEBUG;
				SWIFT_OPTIMIZATION_LEVEL = "-Onone";
			};
			name = Debug;
		};
		7249071927D6414F0009F7DF /* Release */ = {
			isa = XCBuildConfiguration;
			buildSettings = {
				ALWAYS_SEARCH_USER_PATHS = NO;
				CLANG_ANALYZER_NONNULL = YES;
				CLANG_ANALYZER_NUMBER_OBJECT_CONVERSION = YES_AGGRESSIVE;
				CLANG_CXX_LANGUAGE_STANDARD = "gnu++17";
				CLANG_CXX_LIBRARY = "libc++";
				CLANG_ENABLE_MODULES = YES;
				CLANG_ENABLE_OBJC_ARC = YES;
				CLANG_ENABLE_OBJC_WEAK = YES;
				CLANG_WARN_BLOCK_CAPTURE_AUTORELEASING = YES;
				CLANG_WARN_BOOL_CONVERSION = YES;
				CLANG_WARN_COMMA = YES;
				CLANG_WARN_CONSTANT_CONVERSION = YES;
				CLANG_WARN_DEPRECATED_OBJC_IMPLEMENTATIONS = YES;
				CLANG_WARN_DIRECT_OBJC_ISA_USAGE = YES_ERROR;
				CLANG_WARN_DOCUMENTATION_COMMENTS = YES;
				CLANG_WARN_EMPTY_BODY = YES;
				CLANG_WARN_ENUM_CONVERSION = YES;
				CLANG_WARN_INFINITE_RECURSION = YES;
				CLANG_WARN_INT_CONVERSION = YES;
				CLANG_WARN_NON_LITERAL_NULL_CONVERSION = YES;
				CLANG_WARN_OBJC_IMPLICIT_RETAIN_SELF = YES;
				CLANG_WARN_OBJC_LITERAL_CONVERSION = YES;
				CLANG_WARN_OBJC_ROOT_CLASS = YES_ERROR;
				CLANG_WARN_QUOTED_INCLUDE_IN_FRAMEWORK_HEADER = YES;
				CLANG_WARN_RANGE_LOOP_ANALYSIS = YES;
				CLANG_WARN_STRICT_PROTOTYPES = YES;
				CLANG_WARN_SUSPICIOUS_MOVE = YES;
				CLANG_WARN_UNGUARDED_AVAILABILITY = YES_AGGRESSIVE;
				CLANG_WARN_UNREACHABLE_CODE = YES;
				CLANG_WARN__DUPLICATE_METHOD_MATCH = YES;
				COPY_PHASE_STRIP = NO;
				DEBUG_INFORMATION_FORMAT = "dwarf-with-dsym";
				ENABLE_NS_ASSERTIONS = NO;
				ENABLE_STRICT_OBJC_MSGSEND = YES;
				GCC_C_LANGUAGE_STANDARD = gnu11;
				GCC_NO_COMMON_BLOCKS = YES;
				GCC_WARN_64_TO_32_BIT_CONVERSION = YES;
				GCC_WARN_ABOUT_RETURN_TYPE = YES_ERROR;
				GCC_WARN_UNDECLARED_SELECTOR = YES;
				GCC_WARN_UNINITIALIZED_AUTOS = YES_AGGRESSIVE;
				GCC_WARN_UNUSED_FUNCTION = YES;
				GCC_WARN_UNUSED_VARIABLE = YES;
				IPHONEOS_DEPLOYMENT_TARGET = 15.2;
				MTL_ENABLE_DEBUG_INFO = NO;
				MTL_FAST_MATH = YES;
				SDKROOT = iphoneos;
				SWIFT_COMPILATION_MODE = wholemodule;
				SWIFT_OPTIMIZATION_LEVEL = "-O";
				VALIDATE_PRODUCT = YES;
			};
			name = Release;
		};
		7249071B27D6414F0009F7DF /* Debug */ = {
			isa = XCBuildConfiguration;
			buildSettings = {
				ASSETCATALOG_COMPILER_APPICON_NAME = AppIcon;
				ASSETCATALOG_COMPILER_GLOBAL_ACCENT_COLOR_NAME = AccentColor;
				CODE_SIGN_STYLE = Automatic;
				CURRENT_PROJECT_VERSION = 1;
				DEVELOPMENT_TEAM = 48535654Y7;
				GENERATE_INFOPLIST_FILE = YES;
				INFOPLIST_FILE = ResumeBuilder/Info.plist;
				INFOPLIST_KEY_NSCameraUsageDescription = "ResumeBuilder needs to access to your camera to take a photo";
				INFOPLIST_KEY_UIApplicationSupportsIndirectInputEvents = YES;
				INFOPLIST_KEY_UILaunchStoryboardName = LaunchScreen;
				INFOPLIST_KEY_UISupportedInterfaceOrientations_iPad = "UIInterfaceOrientationPortrait UIInterfaceOrientationPortraitUpsideDown UIInterfaceOrientationLandscapeLeft UIInterfaceOrientationLandscapeRight";
				INFOPLIST_KEY_UISupportedInterfaceOrientations_iPhone = "UIInterfaceOrientationPortrait UIInterfaceOrientationLandscapeLeft UIInterfaceOrientationLandscapeRight";
				LD_RUNPATH_SEARCH_PATHS = (
					"$(inherited)",
					"@executable_path/Frameworks",
				);
				MARKETING_VERSION = 1.0;
				PRODUCT_BUNDLE_IDENTIFIER = com.ASM.ResumeBuilder;
				PRODUCT_NAME = "$(TARGET_NAME)";
				SWIFT_EMIT_LOC_STRINGS = YES;
				SWIFT_VERSION = 5.0;
				TARGETED_DEVICE_FAMILY = "1,2";
			};
			name = Debug;
		};
		7249071C27D6414F0009F7DF /* Release */ = {
			isa = XCBuildConfiguration;
			buildSettings = {
				ASSETCATALOG_COMPILER_APPICON_NAME = AppIcon;
				ASSETCATALOG_COMPILER_GLOBAL_ACCENT_COLOR_NAME = AccentColor;
				CODE_SIGN_STYLE = Automatic;
				CURRENT_PROJECT_VERSION = 1;
				DEVELOPMENT_TEAM = 48535654Y7;
				GENERATE_INFOPLIST_FILE = YES;
				INFOPLIST_FILE = ResumeBuilder/Info.plist;
				INFOPLIST_KEY_NSCameraUsageDescription = "ResumeBuilder needs to access to your camera to take a photo";
				INFOPLIST_KEY_UIApplicationSupportsIndirectInputEvents = YES;
				INFOPLIST_KEY_UILaunchStoryboardName = LaunchScreen;
				INFOPLIST_KEY_UISupportedInterfaceOrientations_iPad = "UIInterfaceOrientationPortrait UIInterfaceOrientationPortraitUpsideDown UIInterfaceOrientationLandscapeLeft UIInterfaceOrientationLandscapeRight";
				INFOPLIST_KEY_UISupportedInterfaceOrientations_iPhone = "UIInterfaceOrientationPortrait UIInterfaceOrientationLandscapeLeft UIInterfaceOrientationLandscapeRight";
				LD_RUNPATH_SEARCH_PATHS = (
					"$(inherited)",
					"@executable_path/Frameworks",
				);
				MARKETING_VERSION = 1.0;
				PRODUCT_BUNDLE_IDENTIFIER = com.ASM.ResumeBuilder;
				PRODUCT_NAME = "$(TARGET_NAME)";
				SWIFT_EMIT_LOC_STRINGS = YES;
				SWIFT_VERSION = 5.0;
				TARGETED_DEVICE_FAMILY = "1,2";
			};
			name = Release;
		};
		7249071E27D6414F0009F7DF /* Debug */ = {
			isa = XCBuildConfiguration;
			buildSettings = {
				ALWAYS_EMBED_SWIFT_STANDARD_LIBRARIES = YES;
				BUNDLE_LOADER = "$(TEST_HOST)";
				CODE_SIGN_STYLE = Automatic;
				CURRENT_PROJECT_VERSION = 1;
				DEVELOPMENT_TEAM = 48535654Y7;
				GENERATE_INFOPLIST_FILE = YES;
				IPHONEOS_DEPLOYMENT_TARGET = 15.2;
				MARKETING_VERSION = 1.0;
				PRODUCT_BUNDLE_IDENTIFIER = com.ASM.ResumeBuilderTests;
				PRODUCT_NAME = "$(TARGET_NAME)";
				SWIFT_EMIT_LOC_STRINGS = NO;
				SWIFT_VERSION = 5.0;
				TARGETED_DEVICE_FAMILY = "1,2";
				TEST_HOST = "$(BUILT_PRODUCTS_DIR)/ResumeBuilder.app/ResumeBuilder";
			};
			name = Debug;
		};
		7249071F27D6414F0009F7DF /* Release */ = {
			isa = XCBuildConfiguration;
			buildSettings = {
				ALWAYS_EMBED_SWIFT_STANDARD_LIBRARIES = YES;
				BUNDLE_LOADER = "$(TEST_HOST)";
				CODE_SIGN_STYLE = Automatic;
				CURRENT_PROJECT_VERSION = 1;
				DEVELOPMENT_TEAM = 48535654Y7;
				GENERATE_INFOPLIST_FILE = YES;
				IPHONEOS_DEPLOYMENT_TARGET = 15.2;
				MARKETING_VERSION = 1.0;
				PRODUCT_BUNDLE_IDENTIFIER = com.ASM.ResumeBuilderTests;
				PRODUCT_NAME = "$(TARGET_NAME)";
				SWIFT_EMIT_LOC_STRINGS = NO;
				SWIFT_VERSION = 5.0;
				TARGETED_DEVICE_FAMILY = "1,2";
				TEST_HOST = "$(BUILT_PRODUCTS_DIR)/ResumeBuilder.app/ResumeBuilder";
			};
			name = Release;
		};
		7249072127D6414F0009F7DF /* Debug */ = {
			isa = XCBuildConfiguration;
			buildSettings = {
				ALWAYS_EMBED_SWIFT_STANDARD_LIBRARIES = YES;
				CODE_SIGN_STYLE = Automatic;
				CURRENT_PROJECT_VERSION = 1;
				DEVELOPMENT_TEAM = 48535654Y7;
				GENERATE_INFOPLIST_FILE = YES;
				MARKETING_VERSION = 1.0;
				PRODUCT_BUNDLE_IDENTIFIER = com.ASM.ResumeBuilderUITests;
				PRODUCT_NAME = "$(TARGET_NAME)";
				SWIFT_EMIT_LOC_STRINGS = NO;
				SWIFT_VERSION = 5.0;
				TARGETED_DEVICE_FAMILY = "1,2";
				TEST_TARGET_NAME = ResumeBuilder;
			};
			name = Debug;
		};
		7249072227D6414F0009F7DF /* Release */ = {
			isa = XCBuildConfiguration;
			buildSettings = {
				ALWAYS_EMBED_SWIFT_STANDARD_LIBRARIES = YES;
				CODE_SIGN_STYLE = Automatic;
				CURRENT_PROJECT_VERSION = 1;
				DEVELOPMENT_TEAM = 48535654Y7;
				GENERATE_INFOPLIST_FILE = YES;
				MARKETING_VERSION = 1.0;
				PRODUCT_BUNDLE_IDENTIFIER = com.ASM.ResumeBuilderUITests;
				PRODUCT_NAME = "$(TARGET_NAME)";
				SWIFT_EMIT_LOC_STRINGS = NO;
				SWIFT_VERSION = 5.0;
				TARGETED_DEVICE_FAMILY = "1,2";
				TEST_TARGET_NAME = ResumeBuilder;
			};
			name = Release;
		};
/* End XCBuildConfiguration section */

/* Begin XCConfigurationList section */
		724906E827D6414D0009F7DF /* Build configuration list for PBXProject "ResumeBuilder" */ = {
			isa = XCConfigurationList;
			buildConfigurations = (
				7249071827D6414F0009F7DF /* Debug */,
				7249071927D6414F0009F7DF /* Release */,
			);
			defaultConfigurationIsVisible = 0;
			defaultConfigurationName = Release;
		};
		7249071A27D6414F0009F7DF /* Build configuration list for PBXNativeTarget "ResumeBuilder" */ = {
			isa = XCConfigurationList;
			buildConfigurations = (
				7249071B27D6414F0009F7DF /* Debug */,
				7249071C27D6414F0009F7DF /* Release */,
			);
			defaultConfigurationIsVisible = 0;
			defaultConfigurationName = Release;
		};
		7249071D27D6414F0009F7DF /* Build configuration list for PBXNativeTarget "ResumeBuilderTests" */ = {
			isa = XCConfigurationList;
			buildConfigurations = (
				7249071E27D6414F0009F7DF /* Debug */,
				7249071F27D6414F0009F7DF /* Release */,
			);
			defaultConfigurationIsVisible = 0;
			defaultConfigurationName = Release;
		};
		7249072027D6414F0009F7DF /* Build configuration list for PBXNativeTarget "ResumeBuilderUITests" */ = {
			isa = XCConfigurationList;
			buildConfigurations = (
				7249072127D6414F0009F7DF /* Debug */,
				7249072227D6414F0009F7DF /* Release */,
			);
			defaultConfigurationIsVisible = 0;
			defaultConfigurationName = Release;
		};
/* End XCConfigurationList section */

/* Begin XCVersionGroup section */
		724906F927D6414D0009F7DF /* ResumeBuilder.xcdatamodeld */ = {
			isa = XCVersionGroup;
			children = (
				724906FA27D6414D0009F7DF /* ResumeBuilder.xcdatamodel */,
			);
			currentVersion = 724906FA27D6414D0009F7DF /* ResumeBuilder.xcdatamodel */;
			path = ResumeBuilder.xcdatamodeld;
			sourceTree = "<group>";
			versionGroupType = wrapper.xcdatamodel;
		};
/* End XCVersionGroup section */
	};
	rootObject = 724906E527D6414D0009F7DF /* Project object */;
}
